// !$*UTF8*$!
{
	archiveVersion = 1;
	classes = {
	};
	objectVersion = 50;
	objects = {

/* Begin PBXBuildFile section */
		75BA4CED249C6457004D4819 /* AppDelegate.swift in Sources */ = {isa = PBXBuildFile; fileRef = 75BA4CEC249C6457004D4819 /* AppDelegate.swift */; };
		75BA4CEF249C6457004D4819 /* SceneDelegate.swift in Sources */ = {isa = PBXBuildFile; fileRef = 75BA4CEE249C6457004D4819 /* SceneDelegate.swift */; };
		75BA4CF1249C6457004D4819 /* ViewController.swift in Sources */ = {isa = PBXBuildFile; fileRef = 75BA4CF0249C6457004D4819 /* ViewController.swift */; };
		75BA4CF4249C6457004D4819 /* Main.storyboard in Resources */ = {isa = PBXBuildFile; fileRef = 75BA4CF2249C6457004D4819 /* Main.storyboard */; };
		75BA4CF6249C6458004D4819 /* Assets.xcassets in Resources */ = {isa = PBXBuildFile; fileRef = 75BA4CF5249C6458004D4819 /* Assets.xcassets */; };
		75BA4CF9249C6458004D4819 /* LaunchScreen.storyboard in Resources */ = {isa = PBXBuildFile; fileRef = 75BA4CF7249C6458004D4819 /* LaunchScreen.storyboard */; };
/* End PBXBuildFile section */

/* Begin PBXFileReference section */
		75BA4CE9249C6457004D4819 /* iGCD.app */ = {isa = PBXFileReference; explicitFileType = wrapper.application; includeInIndex = 0; path = iGCD.app; sourceTree = BUILT_PRODUCTS_DIR; };
		75BA4CEC249C6457004D4819 /* AppDelegate.swift */ = {isa = PBXFileReference; lastKnownFileType = sourcecode.swift; path = AppDelegate.swift; sourceTree = "<group>"; };
		75BA4CEE249C6457004D4819 /* SceneDelegate.swift */ = {isa = PBXFileReference; lastKnownFileType = sourcecode.swift; path = SceneDelegate.swift; sourceTree = "<group>"; };
		75BA4CF0249C6457004D4819 /* ViewController.swift */ = {isa = PBXFileReference; lastKnownFileType = sourcecode.swift; path = ViewController.swift; sourceTree = "<group>"; };
		75BA4CF3249C6457004D4819 /* Base */ = {isa = PBXFileReference; lastKnownFileType = file.storyboard; name = Base; path = Base.lproj/Main.storyboard; sourceTree = "<group>"; };
		75BA4CF5249C6458004D4819 /* Assets.xcassets */ = {isa = PBXFileReference; lastKnownFileType = folder.assetcatalog; path = Assets.xcassets; sourceTree = "<group>"; };
		75BA4CF8249C6458004D4819 /* Base */ = {isa = PBXFileReference; lastKnownFileType = file.storyboard; name = Base; path = Base.lproj/LaunchScreen.storyboard; sourceTree = "<group>"; };
		75BA4CFA249C6458004D4819 /* Info.plist */ = {isa = PBXFileReference; lastKnownFileType = text.plist.xml; path = Info.plist; sourceTree = "<group>"; };
/* End PBXFileReference section */

/* Begin PBXFrameworksBuildPhase section */
		75BA4CE6249C6456004D4819 /* Frameworks */ = {
			isa = PBXFrameworksBuildPhase;
			buildActionMask = 2147483647;
			files = (
			);
			runOnlyForDeploymentPostprocessing = 0;
		};
/* End PBXFrameworksBuildPhase section */

/* Begin PBXGroup section */
		75BA4CE0249C6456004D4819 = {
			isa = PBXGroup;
			children = (
				75BA4CEB249C6457004D4819 /* iGCD */,
				75BA4CEA249C6457004D4819 /* Products */,
			);
			sourceTree = "<group>";
		};
		75BA4CEA249C6457004D4819 /* Products */ = {
			isa = PBXGroup;
			children = (
				75BA4CE9249C6457004D4819 /* iGCD.app */,
			);
			name = Products;
			sourceTree = "<group>";
		};
		75BA4CEB249C6457004D4819 /* iGCD */ = {
			isa = PBXGroup;
			children = (
				75BA4CEC249C6457004D4819 /* AppDelegate.swift */,
				75BA4CEE249C6457004D4819 /* SceneDelegate.swift */,
				75BA4CF0249C6457004D4819 /* ViewController.swift */,
				75BA4CF2249C6457004D4819 /* Main.storyboard */,
				75BA4CF5249C6458004D4819 /* Assets.xcassets */,
				75BA4CF7249C6458004D4819 /* LaunchScreen.storyboard */,
				75BA4CFA249C6458004D4819 /* Info.plist */,
			);
			path = iGCD;
			sourceTree = "<group>";
		};
/* End PBXGroup section */

/* Begin PBXNativeTarget section */
		75BA4CE8249C6456004D4819 /* iGCD */ = {
			isa = PBXNativeTarget;
			buildConfigurationList = 75BA4CFD249C6458004D4819 /* Build configuration list for PBXNativeTarget "iGCD" */;
			buildPhases = (
				75BA4CE5249C6456004D4819 /* Sources */,
				75BA4CE6249C6456004D4819 /* Frameworks */,
				75BA4CE7249C6456004D4819 /* Resources */,
			);
			buildRules = (
			);
			dependencies = (
			);
			name = iGCD;
			productName = iGCD;
			productReference = 75BA4CE9249C6457004D4819 /* iGCD.app */;
			productType = "com.apple.product-type.application";
		};
/* End PBXNativeTarget section */

/* Begin PBXProject section */
		75BA4CE1249C6456004D4819 /* Project object */ = {
			isa = PBXProject;
			attributes = {
				LastSwiftUpdateCheck = 1150;
				LastUpgradeCheck = 1150;
				TargetAttributes = {
					75BA4CE8249C6456004D4819 = {
						CreatedOnToolsVersion = 11.5;
					};
				};
			};
			buildConfigurationList = 75BA4CE4249C6456004D4819 /* Build configuration list for PBXProject "iGCD" */;
			compatibilityVersion = "Xcode 9.3";
			developmentRegion = en;
			hasScannedForEncodings = 0;
			knownRegions = (
				en,
				Base,
			);
			mainGroup = 75BA4CE0249C6456004D4819;
			productRefGroup = 75BA4CEA249C6457004D4819 /* Products */;
			projectDirPath = "";
			projectRoot = "";
			targets = (
				75BA4CE8249C6456004D4819 /* iGCD */,
			);
		};
/* End PBXProject section */

/* Begin PBXResourcesBuildPhase section */
		75BA4CE7249C6456004D4819 /* Resources */ = {
			isa = PBXResourcesBuildPhase;
			buildActionMask = 2147483647;
			files = (
				75BA4CF9249C6458004D4819 /* LaunchScreen.storyboard in Resources */,
				75BA4CF6249C6458004D4819 /* Assets.xcassets in Resources */,
				75BA4CF4249C6457004D4819 /* Main.storyboard in Resources */,
			);
			runOnlyForDeploymentPostprocessing = 0;
		};
/* End PBXResourcesBuildPhase section */

/* Begin PBXSourcesBuildPhase section */
		75BA4CE5249C6456004D4819 /* Sources */ = {
			isa = PBXSourcesBuildPhase;
			buildActionMask = 2147483647;
			files = (
				75BA4CF1249C6457004D4819 /* ViewController.swift in Sources */,
				75BA4CED249C6457004D4819 /* AppDelegate.swift in Sources */,
				75BA4CEF249C6457004D4819 /* SceneDelegate.swift in Sources */,
			);
			runOnlyForDeploymentPostprocessing = 0;
		};
/* End PBXSourcesBuildPhase section */

/* Begin PBXVariantGroup section */
		75BA4CF2249C6457004D4819 /* Main.storyboard */ = {
			isa = PBXVariantGroup;
			children = (
				75BA4CF3249C6457004D4819 /* Base */,
			);
			name = Main.storyboard;
			sourceTree = "<group>";
		};
		75BA4CF7249C6458004D4819 /* LaunchScreen.storyboard */ = {
			isa = PBXVariantGroup;
			children = (
				75BA4CF8249C6458004D4819 /* Base */,
			);
			name = LaunchScreen.storyboard;
			sourceTree = "<group>";
		};
/* End PBXVariantGroup section */

/* Begin XCBuildConfiguration section */
		75BA4CFB249C6458004D4819 /* Debug */ = {
			isa = XCBuildConfiguration;
			buildSettings = {
				ALWAYS_SEARCH_USER_PATHS = NO;
				CLANG_ANALYZER_NONNULL = YES;
				CLANG_ANALYZER_NUMBER_OBJECT_CONVERSION = YES_AGGRESSIVE;
				CLANG_CXX_LANGUAGE_STANDARD = "gnu++14";
				CLANG_CXX_LIBRARY = "libc++";
				CLANG_ENABLE_MODULES = YES;
				CLANG_ENABLE_OBJC_ARC = YES;
				CLANG_ENABLE_OBJC_WEAK = YES;
				CLANG_WARN_BLOCK_CAPTURE_AUTORELEASING = YES;
				CLANG_WARN_BOOL_CONVERSION = YES;
				CLANG_WARN_COMMA = YES;
				CLANG_WARN_CONSTANT_CONVERSION = YES;
				CLANG_WARN_DEPRECATED_OBJC_IMPLEMENTATIONS = YES;
				CLANG_WARN_DIRECT_OBJC_ISA_USAGE = YES_ERROR;
				CLANG_WARN_DOCUMENTATION_COMMENTS = YES;
				CLANG_WARN_EMPTY_BODY = YES;
				CLANG_WARN_ENUM_CONVERSION = YES;
				CLANG_WARN_INFINITE_RECURSION = YES;
				CLANG_WARN_INT_CONVERSION = YES;
				CLANG_WARN_NON_LITERAL_NULL_CONVERSION = YES;
				CLANG_WARN_OBJC_IMPLICIT_RETAIN_SELF = YES;
				CLANG_WARN_OBJC_LITERAL_CONVERSION = YES;
				CLANG_WARN_OBJC_ROOT_CLASS = YES_ERROR;
				CLANG_WARN_RANGE_LOOP_ANALYSIS = YES;
				CLANG_WARN_STRICT_PROTOTYPES = YES;
				CLANG_WARN_SUSPICIOUS_MOVE = YES;
				CLANG_WARN_UNGUARDED_AVAILABILITY = YES_AGGRESSIVE;
				CLANG_WARN_UNREACHABLE_CODE = YES;
				CLANG_WARN__DUPLICATE_METHOD_MATCH = YES;
				COPY_PHASE_STRIP = NO;
				DEBUG_INFORMATION_FORMAT = dwarf;
				ENABLE_STRICT_OBJC_MSGSEND = YES;
				ENABLE_TESTABILITY = YES;
				GCC_C_LANGUAGE_STANDARD = gnu11;
				GCC_DYNAMIC_NO_PIC = NO;
				GCC_NO_COMMON_BLOCKS = YES;
				GCC_OPTIMIZATION_LEVEL = 0;
				GCC_PREPROCESSOR_DEFINITIONS = (
					"DEBUG=1",
					"$(inherited)",
				);
				GCC_WARN_64_TO_32_BIT_CONVERSION = YES;
				GCC_WARN_ABOUT_RETURN_TYPE = YES_ERROR;
				GCC_WARN_UNDECLARED_SELECTOR = YES;
				GCC_WARN_UNINITIALIZED_AUTOS = YES_AGGRESSIVE;
				GCC_WARN_UNUSED_FUNCTION = YES;
				GCC_WARN_UNUSED_VARIABLE = YES;
				IPHONEOS_DEPLOYMENT_TARGET = 13.5;
				MTL_ENABLE_DEBUG_INFO = INCLUDE_SOURCE;
				MTL_FAST_MATH = YES;
				ONLY_ACTIVE_ARCH = YES;
				SDKROOT = iphoneos;
				SWIFT_ACTIVE_COMPILATION_CONDITIONS = DEBUG;
				SWIFT_OPTIMIZATION_LEVEL = "-Onone";
			};
			name = Debug;
		};
		75BA4CFC249C6458004D4819 /* Release */ = {
			isa = XCBuildConfiguration;
			buildSettings = {
				ALWAYS_SEARCH_USER_PATHS = NO;
				CLANG_ANALYZER_NONNULL = YES;
				CLANG_ANALYZER_NUMBER_OBJECT_CONVERSION = YES_AGGRESSIVE;
				CLANG_CXX_LANGUAGE_STANDARD = "gnu++14";
				CLANG_CXX_LIBRARY = "libc++";
				CLANG_ENABLE_MODULES = YES;
				CLANG_ENABLE_OBJC_ARC = YES;
				CLANG_ENABLE_OBJC_WEAK = YES;
				CLANG_WARN_BLOCK_CAPTURE_AUTORELEASING = YES;
				CLANG_WARN_BOOL_CONVERSION = YES;
				CLANG_WARN_COMMA = YES;
				CLANG_WARN_CONSTANT_CONVERSION = YES;
				CLANG_WARN_DEPRECATED_OBJC_IMPLEMENTATIONS = YES;
				CLANG_WARN_DIRECT_OBJC_ISA_USAGE = YES_ERROR;
				CLANG_WARN_DOCUMENTATION_COMMENTS = YES;
				CLANG_WARN_EMPTY_BODY = YES;
				CLANG_WARN_ENUM_CONVERSION = YES;
				CLANG_WARN_INFINITE_RECURSION = YES;
				CLANG_WARN_INT_CONVERSION = YES;
				CLANG_WARN_NON_LITERAL_NULL_CONVERSION = YES;
				CLANG_WARN_OBJC_IMPLICIT_RETAIN_SELF = YES;
				CLANG_WARN_OBJC_LITERAL_CONVERSION = YES;
				CLANG_WARN_OBJC_ROOT_CLASS = YES_ERROR;
				CLANG_WARN_RANGE_LOOP_ANALYSIS = YES;
				CLANG_WARN_STRICT_PROTOTYPES = YES;
				CLANG_WARN_SUSPICIOUS_MOVE = YES;
				CLANG_WARN_UNGUARDED_AVAILABILITY = YES_AGGRESSIVE;
				CLANG_WARN_UNREACHABLE_CODE = YES;
				CLANG_WARN__DUPLICATE_METHOD_MATCH = YES;
				COPY_PHASE_STRIP = NO;
				DEBUG_INFORMATION_FORMAT = "dwarf-with-dsym";
				ENABLE_NS_ASSERTIONS = NO;
				ENABLE_STRICT_OBJC_MSGSEND = YES;
				GCC_C_LANGUAGE_STANDARD = gnu11;
				GCC_NO_COMMON_BLOCKS = YES;
				GCC_WARN_64_TO_32_BIT_CONVERSION = YES;
				GCC_WARN_ABOUT_RETURN_TYPE = YES_ERROR;
				GCC_WARN_UNDECLARED_SELECTOR = YES;
				GCC_WARN_UNINITIALIZED_AUTOS = YES_AGGRESSIVE;
				GCC_WARN_UNUSED_FUNCTION = YES;
				GCC_WARN_UNUSED_VARIABLE = YES;
				IPHONEOS_DEPLOYMENT_TARGET = 13.5;
				MTL_ENABLE_DEBUG_INFO = NO;
				MTL_FAST_MATH = YES;
				SDKROOT = iphoneos;
				SWIFT_COMPILATION_MODE = wholemodule;
				SWIFT_OPTIMIZATION_LEVEL = "-O";
				VALIDATE_PRODUCT = YES;
			};
			name = Release;
		};
		75BA4CFE249C6458004D4819 /* Debug */ = {
			isa = XCBuildConfiguration;
			buildSettings = {
				ASSETCATALOG_COMPILER_APPICON_NAME = AppIcon;
				CODE_SIGN_STYLE = Automatic;
				DEVELOPMENT_TEAM = 97BD48DZC7;
				INFOPLIST_FILE = iGCD/Info.plist;
				LD_RUNPATH_SEARCH_PATHS = (
					"$(inherited)",
					"@executable_path/Frameworks",
				);
				PRODUCT_BUNDLE_IDENTIFIER = tw.com.BruceHuang.iGCD;
				PRODUCT_NAME = "$(TARGET_NAME)";
				SWIFT_VERSION = 5.0;
				TARGETED_DEVICE_FAMILY = "1,2";
			};
			name = Debug;
		};
		75BA4CFF249C6458004D4819 /* Release */ = {
			isa = XCBuildConfiguration;
			buildSettings = {
				ASSETCATALOG_COMPILER_APPICON_NAME = AppIcon;
				CODE_SIGN_STYLE = Automatic;
				DEVELOPMENT_TEAM = 97BD48DZC7;
				INFOPLIST_FILE = iGCD/Info.plist;
				LD_RUNPATH_SEARCH_PATHS = (
					"$(inherited)",
					"@executable_path/Frameworks",
				);
				PRODUCT_BUNDLE_IDENTIFIER = tw.com.BruceHuang.iGCD;
				PRODUCT_NAME = "$(TARGET_NAME)";
				SWIFT_VERSION = 5.0;
				TARGETED_DEVICE_FAMILY = "1,2";
			};
			name = Release;
		};
/* End XCBuildConfiguration section */

/* Begin XCConfigurationList section */
		75BA4CE4249C6456004D4819 /* Build configuration list for PBXProject "iGCD" */ = {
			isa = XCConfigurationList;
			buildConfigurations = (
				75BA4CFB249C6458004D4819 /* Debug */,
				75BA4CFC249C6458004D4819 /* Release */,
			);
			defaultConfigurationIsVisible = 0;
			defaultConfigurationName = Release;
		};
		75BA4CFD249C6458004D4819 /* Build configuration list for PBXNativeTarget "iGCD" */ = {
			isa = XCConfigurationList;
			buildConfigurations = (
				75BA4CFE249C6458004D4819 /* Debug */,
				75BA4CFF249C6458004D4819 /* Release */,
			);
			defaultConfigurationIsVisible = 0;
			defaultConfigurationName = Release;
		};
/* End XCConfigurationList section */
	};
	rootObject = 75BA4CE1249C6456004D4819 /* Project object */;
}
